
Microsoft Visual Studio Solution File, Format Version 12.00
# Visual Studio Version 17
VisualStudioVersion = 17.0.32014.148
MinimumVisualStudioVersion = 10.0.40219.1
Project("{9A19103F-16F7-4668-BE54-9A1E7A4F7556}") = "PrintShop", "PrintShop.csproj", "{67B86F3E-731B-4653-A9FC-88A8F4C9CF23}"
EndProject
Global
	GlobalSection(SolutionConfigurationPlatforms) = preSolution
		Debug|Any CPU = Debug|Any CPU
		Release|Any CPU = Release|Any CPU
	EndGlobalSection
	GlobalSection(ProjectConfigurationPlatforms) = postSolution
		{67B86F3E-731B-4653-A9FC-88A8F4C9CF23}.Debug|Any CPU.ActiveCfg = Debug|Any CPU
		{67B86F3E-731B-4653-A9FC-88A8F4C9CF23}.Debug|Any CPU.Build.0 = Debug|Any CPU
		{67B86F3E-731B-4653-A9FC-88A8F4C9CF23}.Release|Any CPU.ActiveCfg = Release|Any CPU
		{67B86F3E-731B-4653-A9FC-88A8F4C9CF23}.Release|Any CPU.Build.0 = Release|Any CPU
	EndGlobalSection
	GlobalSection(SolutionProperties) = preSolution
		HideSolutionNode = FALSE
	EndGlobalSection
	GlobalSection(ExtensibilityGlobals) = postSolution
		SolutionGuid = {ACD02F54-9534-41B1-A7A2-EDB014AA3A66}
	EndGlobalSection
EndGlobal
